
Microsoft Visual Studio Solution File, Format Version 12.00
# Visual Studio 15
VisualStudioVersion = 15.0.28307.136
MinimumVisualStudioVersion = 10.0.40219.1
Project("{9A19103F-16F7-4668-BE54-9A1E7A4F7556}") = "WebApiEstaciona", "WebApiEstaciona\WebApiEstaciona.csproj", "{9F09BA54-91F3-4817-AE8E-A367A814AE41}"
EndProject
Project("{9A19103F-16F7-4668-BE54-9A1E7A4F7556}") = "WebAplicacaoEstaciona", "WebAplicacaoEstaciona\WebAplicacaoEstaciona.csproj", "{EEB527C9-3B77-4A28-A5C0-FD5C438452D1}"
EndProject
Project("{FAE04EC0-301F-11D3-BF4B-00C04F79EFBC}") = "WebApiEstacionaTests", "WebApiEstacionaTests\WebApiEstacionaTests.csproj", "{0DE5D0F9-F00C-471B-A46B-9E896864C7DD}"
EndProject
Global
	GlobalSection(SolutionConfigurationPlatforms) = preSolution
		Debug|Any CPU = Debug|Any CPU
		Release|Any CPU = Release|Any CPU
	EndGlobalSection
	GlobalSection(ProjectConfigurationPlatforms) = postSolution
		{9F09BA54-91F3-4817-AE8E-A367A814AE41}.Debug|Any CPU.ActiveCfg = Debug|Any CPU
		{9F09BA54-91F3-4817-AE8E-A367A814AE41}.Debug|Any CPU.Build.0 = Debug|Any CPU
		{9F09BA54-91F3-4817-AE8E-A367A814AE41}.Release|Any CPU.ActiveCfg = Release|Any CPU
		{9F09BA54-91F3-4817-AE8E-A367A814AE41}.Release|Any CPU.Build.0 = Release|Any CPU
		{EEB527C9-3B77-4A28-A5C0-FD5C438452D1}.Debug|Any CPU.ActiveCfg = Debug|Any CPU
		{EEB527C9-3B77-4A28-A5C0-FD5C438452D1}.Debug|Any CPU.Build.0 = Debug|Any CPU
		{EEB527C9-3B77-4A28-A5C0-FD5C438452D1}.Release|Any CPU.ActiveCfg = Release|Any CPU
		{EEB527C9-3B77-4A28-A5C0-FD5C438452D1}.Release|Any CPU.Build.0 = Release|Any CPU
		{0DE5D0F9-F00C-471B-A46B-9E896864C7DD}.Debug|Any CPU.ActiveCfg = Debug|Any CPU
		{0DE5D0F9-F00C-471B-A46B-9E896864C7DD}.Debug|Any CPU.Build.0 = Debug|Any CPU
		{0DE5D0F9-F00C-471B-A46B-9E896864C7DD}.Release|Any CPU.ActiveCfg = Release|Any CPU
		{0DE5D0F9-F00C-471B-A46B-9E896864C7DD}.Release|Any CPU.Build.0 = Release|Any CPU
	EndGlobalSection
	GlobalSection(SolutionProperties) = preSolution
		HideSolutionNode = FALSE
	EndGlobalSection
	GlobalSection(ExtensibilityGlobals) = postSolution
		SolutionGuid = {3B7FC1DE-0510-49C8-AB2C-DE27AFD544C8}
	EndGlobalSection
EndGlobal
